# THIS IS AN AUTOGENERATED FILE. DO NOT EDIT THIS FILE DIRECTLY.
# yarn lockfile v1


"@babel/code-frame@^7.25.9", "@babel/code-frame@^7.26.2":
  version "7.26.2"
  resolved "https://registry.npmjs.org/@babel/code-frame/-/code-frame-7.26.2.tgz"
  integrity sha512-RJlIHRueQgwWitWgF8OdFYGZX328Ax5BCemNGlqHfplnRT9ESi8JkFlvaVYbS+UubVY6dpv87Fs2u5M29iNFVQ==
  dependencies:
    "@babel/helper-validator-identifier" "^7.25.9"
    js-tokens "^4.0.0"
    picocolors "^1.0.0"

"@babel/generator@^7.26.3":
  version "7.26.3"
  resolved "https://registry.npmjs.org/@babel/generator/-/generator-7.26.3.tgz"
  integrity sha512-6FF/urZvD0sTeO7k6/B15pMLC4CHUv1426lzr3N01aHJTl046uCAh9LXW/fzeXXjPNCJ6iABW5XaWOsIZB93aQ==
  dependencies:
    "@babel/parser" "^7.26.3"
    "@babel/types" "^7.26.3"
    "@jridgewell/gen-mapping" "^0.3.5"
    "@jridgewell/trace-mapping" "^0.3.25"
    jsesc "^3.0.2"

"@babel/helper-string-parser@^7.27.1":
  version "7.27.1"
  resolved "https://registry.npmjs.org/@babel/helper-string-parser/-/helper-string-parser-7.27.1.tgz"
  integrity sha512-qMlSxKbpRlAridDExk92nSobyDdpPijUq2DW6oDnUqd0iOGxmQjyqhMIihI9+zv4LPyZdRje2cavWPbCbWm3eA==

"@babel/helper-validator-identifier@^7.25.9", "@babel/helper-validator-identifier@^7.27.1":
  version "7.27.1"
  resolved "https://registry.npmjs.org/@babel/helper-validator-identifier/-/helper-validator-identifier-7.27.1.tgz"
  integrity sha512-D2hP9eA+Sqx1kBZgzxZh0y1trbuU+JoDkiEwqhQ36nodYqJwyEIhPSdMNd7lOm/4io72luTPWH20Yda0xOuUow==

"@babel/parser@^7.25.9", "@babel/parser@^7.26.3", "@babel/parser@^7.27.5":
  version "7.27.5"
  resolved "https://registry.npmjs.org/@babel/parser/-/parser-7.27.5.tgz"
  integrity sha512-OsQd175SxWkGlzbny8J3K8TnnDD0N3lrIUtB92xwyRpzaenGZhxDvxN/JgU00U3CDZNj9tPuDJ5H0WS4Nt3vKg==
  dependencies:
    "@babel/types" "^7.27.3"

"@babel/template@^7.25.9":
  version "7.25.9"
  resolved "https://registry.npmjs.org/@babel/template/-/template-7.25.9.tgz"
  integrity sha512-9DGttpmPvIxBb/2uwpVo3dqJ+O6RooAFOS+lB+xDqoE2PVCE8nfoHMdZLpfCQRLwvohzXISPZcgxt80xLfsuwg==
  dependencies:
    "@babel/code-frame" "^7.25.9"
    "@babel/parser" "^7.25.9"
    "@babel/types" "^7.25.9"

"@babel/traverse@^7.26.4":
  version "7.26.4"
  resolved "https://registry.npmjs.org/@babel/traverse/-/traverse-7.26.4.tgz"
  integrity sha512-fH+b7Y4p3yqvApJALCPJcwb0/XaOSgtK4pzV6WVjPR5GLFQBRI7pfoX2V2iM48NXvX07NUxxm1Vw98YjqTcU5w==
  dependencies:
    "@babel/code-frame" "^7.26.2"
    "@babel/generator" "^7.26.3"
    "@babel/parser" "^7.26.3"
    "@babel/template" "^7.25.9"
    "@babel/types" "^7.26.3"
    debug "^4.3.1"
    globals "^11.1.0"

"@babel/types@^7.0.0", "@babel/types@^7.20.7", "@babel/types@^7.25.9", "@babel/types@^7.26.3", "@babel/types@^7.27.3":
  version "7.27.6"
  resolved "https://registry.npmjs.org/@babel/types/-/types-7.27.6.tgz"
  integrity sha512-ETyHEk2VHHvl9b9jZP5IHPavHYk57EhanlRRuae9XCpb/j5bDCbPPMOBfCWhnl/7EDJz0jEMCi/RhccCE8r1+Q==
  dependencies:
    "@babel/helper-string-parser" "^7.27.1"
    "@babel/helper-validator-identifier" "^7.27.1"

"@isaacs/cliui@^8.0.2":
  version "8.0.2"
  resolved "https://registry.npmjs.org/@isaacs/cliui/-/cliui-8.0.2.tgz"
  integrity sha512-O8jcjabXaleOG9DQ0+ARXWZBTfnP4WNAqzuiJK7ll44AmxGKv/J2M4TPjxjY3znBCfvBXFzucm1twdyFybFqEA==
  dependencies:
    string-width "^5.1.2"
    string-width-cjs "npm:string-width@^4.2.0"
    strip-ansi "^7.0.1"
    strip-ansi-cjs "npm:strip-ansi@^6.0.1"
    wrap-ansi "^8.1.0"
    wrap-ansi-cjs "npm:wrap-ansi@^7.0.0"

"@jridgewell/gen-mapping@^0.3.5":
  version "0.3.8"
  resolved "https://registry.npmjs.org/@jridgewell/gen-mapping/-/gen-mapping-0.3.8.tgz"
  integrity sha512-imAbBGkb+ebQyxKgzv5Hu2nmROxoDOXHh80evxdoXNOrvAnVx7zimzc1Oo5h9RlfV4vPXaE2iM5pOFbvOCClWA==
  dependencies:
    "@jridgewell/set-array" "^1.2.1"
    "@jridgewell/sourcemap-codec" "^1.4.10"
    "@jridgewell/trace-mapping" "^0.3.24"

"@jridgewell/resolve-uri@^3.1.0":
  version "3.1.2"
  resolved "https://registry.npmjs.org/@jridgewell/resolve-uri/-/resolve-uri-3.1.2.tgz"
  integrity sha512-bRISgCIjP20/tbWSPWMEi54QVPRZExkuD9lJL+UIxUKtwVJA8wW1Trb1jMs1RFXo1CBTNZ/5hpC9QvmKWdopKw==

"@jridgewell/set-array@^1.2.1":
  version "1.2.1"
  resolved "https://registry.npmjs.org/@jridgewell/set-array/-/set-array-1.2.1.tgz"
  integrity sha512-R8gLRTZeyp03ymzP/6Lil/28tGeGEzhx1q2k703KGWRAI1VdvPIXdG70VJc2pAMw3NA6JKL5hhFu1sJX0Mnn/A==

"@jridgewell/sourcemap-codec@^1.4.10", "@jridgewell/sourcemap-codec@^1.4.14":
  version "1.5.0"
  resolved "https://registry.npmjs.org/@jridgewell/sourcemap-codec/-/sourcemap-codec-1.5.0.tgz"
  integrity sha512-gv3ZRaISU3fjPAgNsriBRqGWQL6quFx04YMPW/zD8XMLsU32mhCCbfbO6KZFLjvYpCZ8zyDEgqsgf+PwPaM7GQ==

"@jridgewell/trace-mapping@^0.3.24", "@jridgewell/trace-mapping@^0.3.25":
  version "0.3.25"
  resolved "https://registry.npmjs.org/@jridgewell/trace-mapping/-/trace-mapping-0.3.25.tgz"
  integrity sha512-vNk6aEwybGtawWmy/PzwnGDOjCkLWSD2wqvjGGAgOAwCGWySYXfYoxt00IJkTF+8Lb57DwOb3Aa0o9CApepiYQ==
  dependencies:
    "@jridgewell/resolve-uri" "^3.1.0"
    "@jridgewell/sourcemap-codec" "^1.4.14"

"@kwsites/file-exists@^1.1.1":
  version "1.1.1"
  resolved "https://registry.npmjs.org/@kwsites/file-exists/-/file-exists-1.1.1.tgz"
  integrity sha512-m9/5YGR18lIwxSFDwfE3oA7bWuq9kdau6ugN4H2rJeyhFQZcG9AgSHkQtSD15a8WvTgfz9aikZMrKPHvbpqFiw==
  dependencies:
    debug "^4.1.1"

"@kwsites/promise-deferred@^1.1.1":
  version "1.1.1"
  resolved "https://registry.npmjs.org/@kwsites/promise-deferred/-/promise-deferred-1.1.1.tgz"
  integrity sha512-GaHYm+c0O9MjZRu0ongGBRbinu8gVAMd2UZjji6jVmqKtZluZnptXGWhz1E8j8D2HJ3f/yMxKAUC0b+57wncIw==

"@octokit/auth-token@^5.0.0":
  version "5.1.1"
  resolved "https://registry.npmjs.org/@octokit/auth-token/-/auth-token-5.1.1.tgz"
  integrity sha512-rh3G3wDO8J9wSjfI436JUKzHIxq8NaiL0tVeB2aXmG6p/9859aUOAjA9pmSPNGGZxfwmaJ9ozOJImuNVJdpvbA==

"@octokit/core@^6.1.2", "@octokit/core@>=6":
  version "6.1.2"
  resolved "https://registry.npmjs.org/@octokit/core/-/core-6.1.2.tgz"
  integrity sha512-hEb7Ma4cGJGEUNOAVmyfdB/3WirWMg5hDuNFVejGEDFqupeOysLc2sG6HJxY2etBp5YQu5Wtxwi020jS9xlUwg==
  dependencies:
    "@octokit/auth-token" "^5.0.0"
    "@octokit/graphql" "^8.0.0"
    "@octokit/request" "^9.0.0"
    "@octokit/request-error" "^6.0.1"
    "@octokit/types" "^13.0.0"
    before-after-hook "^3.0.2"
    universal-user-agent "^7.0.0"

"@octokit/endpoint@^10.0.0":
  version "10.1.1"
  resolved "https://registry.npmjs.org/@octokit/endpoint/-/endpoint-10.1.1.tgz"
  integrity sha512-JYjh5rMOwXMJyUpj028cu0Gbp7qe/ihxfJMLc8VZBMMqSwLgOxDI1911gV4Enl1QSavAQNJcwmwBF9M0VvLh6Q==
  dependencies:
    "@octokit/types" "^13.0.0"
    universal-user-agent "^7.0.2"

"@octokit/graphql@^8.0.0":
  version "8.1.1"
  resolved "https://registry.npmjs.org/@octokit/graphql/-/graphql-8.1.1.tgz"
  integrity sha512-ukiRmuHTi6ebQx/HFRCXKbDlOh/7xEV6QUXaE7MJEKGNAncGI/STSbOkl12qVXZrfZdpXctx5O9X1AIaebiDBg==
  dependencies:
    "@octokit/request" "^9.0.0"
    "@octokit/types" "^13.0.0"
    universal-user-agent "^7.0.0"

"@octokit/openapi-types@^22.2.0":
  version "22.2.0"
  resolved "https://registry.npmjs.org/@octokit/openapi-types/-/openapi-types-22.2.0.tgz"
  integrity sha512-QBhVjcUa9W7Wwhm6DBFu6ZZ+1/t/oYxqc2tp81Pi41YNuJinbFRx8B133qVOrAaBbF7D/m0Et6f9/pZt9Rc+tg==

"@octokit/plugin-rest-endpoint-methods@^13.2.6":
  version "13.2.6"
  resolved "https://registry.npmjs.org/@octokit/plugin-rest-endpoint-methods/-/plugin-rest-endpoint-methods-13.2.6.tgz"
  integrity sha512-wMsdyHMjSfKjGINkdGKki06VEkgdEldIGstIEyGX0wbYHGByOwN/KiM+hAAlUwAtPkP3gvXtVQA9L3ITdV2tVw==
  dependencies:
    "@octokit/types" "^13.6.1"

"@octokit/request-error@^6.0.1":
  version "6.1.5"
  resolved "https://registry.npmjs.org/@octokit/request-error/-/request-error-6.1.5.tgz"
  integrity sha512-IlBTfGX8Yn/oFPMwSfvugfncK2EwRLjzbrpifNaMY8o/HTEAFqCA1FZxjD9cWvSKBHgrIhc4CSBIzMxiLsbzFQ==
  dependencies:
    "@octokit/types" "^13.0.0"

"@octokit/request@^9.0.0":
  version "9.1.3"
  resolved "https://registry.npmjs.org/@octokit/request/-/request-9.1.3.tgz"
  integrity sha512-V+TFhu5fdF3K58rs1pGUJIDH5RZLbZm5BI+MNF+6o/ssFNT4vWlCh/tVpF3NxGtP15HUxTTMUbsG5llAuU2CZA==
  dependencies:
    "@octokit/endpoint" "^10.0.0"
    "@octokit/request-error" "^6.0.1"
    "@octokit/types" "^13.1.0"
    universal-user-agent "^7.0.2"

"@octokit/types@^13.0.0", "@octokit/types@^13.1.0", "@octokit/types@^13.6.1":
  version "13.6.2"
  resolved "https://registry.npmjs.org/@octokit/types/-/types-13.6.2.tgz"
  integrity sha512-WpbZfZUcZU77DrSW4wbsSgTPfKcp286q3ItaIgvSbBpZJlu6mnYXAkjZz6LVZPXkEvLIM8McanyZejKTYUHipA==
  dependencies:
    "@octokit/openapi-types" "^22.2.0"

"@types/babel__generator@^7.6.8":
  version "7.6.8"
  resolved "https://registry.npmjs.org/@types/babel__generator/-/babel__generator-7.6.8.tgz"
  integrity sha512-ASsj+tpEDsEiFr1arWrlN6V3mdfjRMZt6LtK/Vp/kreFLnr5QH5+DhvD5nINYZXzwJvXeGq+05iUXcAzVrqWtw==
  dependencies:
    "@babel/types" "^7.0.0"

"@types/babel__traverse@^7.20.6":
  version "7.20.6"
  resolved "https://registry.npmjs.org/@types/babel__traverse/-/babel__traverse-7.20.6.tgz"
  integrity sha512-r1bzfrm0tomOI8g1SzvCaQHo6Lcv6zu0EA+W2kHrt8dyrHQxGzBBL4kdkzIS+jBMV+EYcMAEAqXqYaLJq5rOZg==
  dependencies:
    "@babel/types" "^7.20.7"

"@types/node@^22.10.2":
  version "22.10.2"
  resolved "https://registry.npmjs.org/@types/node/-/node-22.10.2.tgz"
  integrity sha512-Xxr6BBRCAOQixvonOye19wnzyDiUtTeqldOOmj3CkeblonbccA12PFwlufvRdrpjXxqnmUaeiU5EOA+7s5diUQ==
  dependencies:
    undici-types "~6.20.0"

ansi-regex@^5.0.1:
  version "5.0.1"
  resolved "https://registry.npmjs.org/ansi-regex/-/ansi-regex-5.0.1.tgz"
  integrity sha512-quJQXlTSUGL2LH9SUXo8VwsY4soanhgo6LNSm84E1LBcE8s3O0wpdiRzyR9z/ZZJMlMWv37qOOb9pdJlMUEKFQ==

ansi-regex@^6.0.1:
  version "6.1.0"
  resolved "https://registry.npmjs.org/ansi-regex/-/ansi-regex-6.1.0.tgz"
  integrity sha512-7HSX4QQb4CspciLpVFwyRe79O3xsIZDDLER21kERQ71oaPodF8jL725AgJMFAYbooIqolJoRLuM81SpeUkpkvA==

ansi-styles@^4.0.0:
  version "4.3.0"
  resolved "https://registry.npmjs.org/ansi-styles/-/ansi-styles-4.3.0.tgz"
  integrity sha512-zbB9rCJAT1rbjiVDb2hqKFHNYLxgtk8NURxZ3IZwD3F6NtxbXZQCnnSi1Lkx+IDohdPlFp222wVALIheZJQSEg==
  dependencies:
    color-convert "^2.0.1"

ansi-styles@^6.1.0:
  version "6.2.1"
  resolved "https://registry.npmjs.org/ansi-styles/-/ansi-styles-6.2.1.tgz"
  integrity sha512-bN798gFfQX+viw3R7yrGWRqnrN2oRkEkUjjl4JNn4E8GxxbjtG3FbrEIIY3l8/hrwUwIeCZvi4QuOTP4MErVug==

ast-types@^0.16.1:
  version "0.16.1"
  resolved "https://registry.npmjs.org/ast-types/-/ast-types-0.16.1.tgz"
  integrity sha512-6t10qk83GOG8p0vKmaCr8eiilZwO171AvbROMtvvNiwrTly62t+7XkA8RdIIVbpMhCASAsxgAzdRSwh6nw/5Dg==
  dependencies:
    tslib "^2.0.1"

balanced-match@^1.0.0:
  version "1.0.2"
  resolved "https://registry.npmjs.org/balanced-match/-/balanced-match-1.0.2.tgz"
  integrity sha512-3oSeUO0TMV67hN1AmbXsK4yaqU7tjiHlbxRDZOpH0KW9+CeX4bRAaX0Anxt0tx2MrpRpWwQaPwIlISEJhYU5Pw==

before-after-hook@^3.0.2:
  version "3.0.2"
  resolved "https://registry.npmjs.org/before-after-hook/-/before-after-hook-3.0.2.tgz"
  integrity sha512-Nik3Sc0ncrMK4UUdXQmAnRtzmNQTAAXmXIopizwZ1W1t8QmfJj+zL4OA2I7XPTPW5z5TDqv4hRo/JzouDJnX3A==

brace-expansion@^2.0.1:
  version "2.0.1"
  resolved "https://registry.npmjs.org/brace-expansion/-/brace-expansion-2.0.1.tgz"
  integrity sha512-XnAIvQ8eM+kC6aULx6wuQiwVsnzsi9d3WxzV3FpWTGA19F621kwdbsAcFKXgKUHZWsy+mY6iL1sHTxWEFCytDA==
  dependencies:
    balanced-match "^1.0.0"

child_process@^1.0.2:
  version "1.0.2"
  resolved "https://registry.npmjs.org/child_process/-/child_process-1.0.2.tgz"
  integrity sha512-Wmza/JzL0SiWz7kl6MhIKT5ceIlnFPJX+lwUGj7Clhy5MMldsSoJR0+uvRzOS5Kv45Mq7t1PoE8TsOA9bzvb6g==

color-convert@^2.0.1:
  version "2.0.1"
  resolved "https://registry.npmjs.org/color-convert/-/color-convert-2.0.1.tgz"
  integrity sha512-RRECPsj7iu/xb5oKYcsFHSppFNnsj/52OVTRKb4zP5onXwVF3zVmmToNcOfGC+CRDpfK/U584fMg38ZHCaElKQ==
  dependencies:
    color-name "~1.1.4"

color-name@~1.1.4:
  version "1.1.4"
  resolved "https://registry.npmjs.org/color-name/-/color-name-1.1.4.tgz"
  integrity sha512-dOy+3AuW3a2wNbZHIuMZpTcgjGuLU/uBL/ubcZF9OXbDo8ff4O8yVp5Bf0efS8uEoYo5q4Fx7dY9OgQGXgAsQA==

cross-spawn@^7.0.0:
  version "7.0.6"
  resolved "https://registry.npmjs.org/cross-spawn/-/cross-spawn-7.0.6.tgz"
  integrity sha512-uV2QOWP2nWzsy2aMp8aRibhi9dlzF5Hgh5SHaB9OiTGEyDTiJJyx0uy51QXdyWbtAHNua4XJzUKca3OzKUd3vA==
  dependencies:
    path-key "^3.1.0"
    shebang-command "^2.0.0"
    which "^2.0.1"

crypto@^1.0.1:
  version "1.0.1"
  resolved "https://registry.npmjs.org/crypto/-/crypto-1.0.1.tgz"
  integrity sha512-VxBKmeNcqQdiUQUW2Tzq0t377b54N2bMtXO/qiLa+6eRRmmC4qT3D4OnTGoT/U6O9aklQ/jTwbOtRMTTY8G0Ig==

dayjs@^1.11.13:
  version "1.11.13"
  resolved "https://registry.npmjs.org/dayjs/-/dayjs-1.11.13.tgz"
  integrity sha512-oaMBel6gjolK862uaPQOVTA7q3TZhuSvuMQAAglQDOWYO9A91IrAOUJEyKVlqJlHE0vq5p5UXxzdPfMH/x6xNg==

debug@^4.1.1, debug@^4.3.1, debug@^4.3.5:
  version "4.4.0"
  resolved "https://registry.npmjs.org/debug/-/debug-4.4.0.tgz"
  integrity sha512-6WTZ/IxCY/T6BALoZHaE4ctp9xm+Z5kY/pzYaCHRFeyVhojxlrm+46y68HA6hr0TcwEssoxNiDEUJQjfPZ/RYA==
  dependencies:
    ms "^2.1.3"

eastasianwidth@^0.2.0:
  version "0.2.0"
  resolved "https://registry.npmjs.org/eastasianwidth/-/eastasianwidth-0.2.0.tgz"
  integrity sha512-I88TYZWc9XiYHRQ4/3c5rjjfgkjhLyW2luGIheGERbNQ6OY7yTybanSpDXZa8y7VUP9YmDcYa+eyq4ca7iLqWA==

emoji-regex@^8.0.0:
  version "8.0.0"
  resolved "https://registry.npmjs.org/emoji-regex/-/emoji-regex-8.0.0.tgz"
  integrity sha512-MSjYzcWNOA0ewAHpz0MxpYFvwg6yjy1NG3xteoqz644VCo/RPgnr1/GGt+ic3iJTzQ8Eu3TdM14SawnVUmGE6A==

emoji-regex@^9.2.2:
  version "9.2.2"
  resolved "https://registry.npmjs.org/emoji-regex/-/emoji-regex-9.2.2.tgz"
  integrity sha512-L18DaJsXSUk2+42pv8mLs5jJT2hqFkFE4j21wOmgbUqsZ2hL72NsUU785g9RXgo3s0ZNgVl42TiHp3ZtOv/Vyg==

esprima@~4.0.0:
  version "4.0.1"
  resolved "https://registry.npmjs.org/esprima/-/esprima-4.0.1.tgz"
  integrity sha512-eGuFFw7Upda+g4p+QHvnW0RyTX/SVeJBDM/gCtMARO0cLuT2HcEKnTPvhjV6aGeqrCB/sbNop0Kszm0jsaWU4A==

foreground-child@^3.1.0:
  version "3.3.0"
  resolved "https://registry.npmjs.org/foreground-child/-/foreground-child-3.3.0.tgz"
  integrity sha512-Ld2g8rrAyMYFXBhEqMz8ZAHBi4J4uS1i/CxGMDnjyFWddMXLVcDp051DZfu+t7+ab7Wv6SMqpWmyFIj5UbfFvg==
  dependencies:
    cross-spawn "^7.0.0"
    signal-exit "^4.0.1"

glob@^11.0.0:
  version "11.0.0"
  resolved "https://registry.npmjs.org/glob/-/glob-11.0.0.tgz"
  integrity sha512-9UiX/Bl6J2yaBbxKoEBRm4Cipxgok8kQYcOPEhScPwebu2I0HoQOuYdIO6S3hLuWoZgpDpwQZMzTFxgpkyT76g==
  dependencies:
    foreground-child "^3.1.0"
    jackspeak "^4.0.1"
    minimatch "^10.0.0"
    minipass "^7.1.2"
    package-json-from-dist "^1.0.0"
    path-scurry "^2.0.0"

globals@^11.1.0:
  version "11.12.0"
  resolved "https://registry.npmjs.org/globals/-/globals-11.12.0.tgz"
  integrity sha512-WOBp/EEGUiIsJSp7wcv/y6MO+lV9UoncWqxuFfm8eBwzWNgyfBd6Gz+IeKQ9jCmyhoH99g15M3T+QaVHFjizVA==

inherits@2.0.3:
  version "2.0.3"
  resolved "https://registry.npmjs.org/inherits/-/inherits-2.0.3.tgz"
  integrity sha512-x00IRNXNy63jwGkJmzPigoySHbaqpNuzKbBOmzK+g2OdZpQ9w+sxCN+VSB3ja7IAge2OP2qpfxTjeNcyjmW1uw==

is-fullwidth-code-point@^3.0.0:
  version "3.0.0"
  resolved "https://registry.npmjs.org/is-fullwidth-code-point/-/is-fullwidth-code-point-3.0.0.tgz"
  integrity sha512-zymm5+u+sCsSWyD9qNaejV3DFvhCKclKdizYaJUuHA83RLjb7nSuGnddCHGv0hk+KY7BMAlsWeK4Ueg6EV6XQg==

isexe@^2.0.0:
  version "2.0.0"
  resolved "https://registry.npmjs.org/isexe/-/isexe-2.0.0.tgz"
  integrity sha512-RHxMLp9lnKHGHRng9QFhRCMbYAcVpn69smSGcq3f36xjgVVWThj4qqLbTLlq7Ssj8B+fIQ1EuCEGI2lKsyQeIw==

jackspeak@^4.0.1:
  version "4.0.2"
  resolved "https://registry.npmjs.org/jackspeak/-/jackspeak-4.0.2.tgz"
  integrity sha512-bZsjR/iRjl1Nk1UkjGpAzLNfQtzuijhn2g+pbZb98HQ1Gk8vM9hfbxeMBP+M2/UUdwj0RqGG3mlvk2MsAqwvEw==
  dependencies:
    "@isaacs/cliui" "^8.0.2"

js-tokens@^4.0.0:
  version "4.0.0"
  resolved "https://registry.npmjs.org/js-tokens/-/js-tokens-4.0.0.tgz"
  integrity sha512-RdJUflcE3cUzKiMqQgsCu06FPu9UdIJO0beYbPhHN4k6apgJtifcoCtT9bcxOpYBtpD2kCM6Sbzg4CausW/PKQ==

jsesc@^3.0.2:
  version "3.1.0"
  resolved "https://registry.npmjs.org/jsesc/-/jsesc-3.1.0.tgz"
  integrity sha512-/sM3dO2FOzXjKQhJuo0Q173wf2KOo8t4I8vHy6lF9poUp7bKT0/NHE8fPX23PwfhnykfqnC2xRxOnVw5XuGIaA==

lru-cache@^11.0.0:
  version "11.0.2"
  resolved "https://registry.npmjs.org/lru-cache/-/lru-cache-11.0.2.tgz"
  integrity sha512-123qHRfJBmo2jXDbo/a5YOQrJoHF/GNQTLzQ5+IdK5pWpceK17yRc6ozlWd25FxvGKQbIUs91fDFkXmDHTKcyA==

minimatch@^10.0.0:
  version "10.0.1"
  resolved "https://registry.npmjs.org/minimatch/-/minimatch-10.0.1.tgz"
  integrity sha512-ethXTt3SGGR+95gudmqJ1eNhRO7eGEGIgYA9vnPatK4/etz2MEVDno5GMCibdMTuBMyElzIlgxMna3K94XDIDQ==
  dependencies:
    brace-expansion "^2.0.1"

minipass@^7.1.2:
  version "7.1.2"
  resolved "https://registry.npmjs.org/minipass/-/minipass-7.1.2.tgz"
  integrity sha512-qOOzS1cBTWYF4BH8fVePDBOO9iptMnGUEZwNc/cMWnTV2nVLZ7VoNWEPHkYczZA0pdoA7dl6e7FL659nX9S2aw==

ms@^2.1.3:
  version "2.1.3"
  resolved "https://registry.npmjs.org/ms/-/ms-2.1.3.tgz"
  integrity sha512-6FlzubTLZG3J2a/NVCAleEhjzq5oxgHyaCU9yYXvcLsvoVaHJq/s5xXI6/XXP6tz7R9xAOtHnSO/tXtF3WRTlA==

package-json-from-dist@^1.0.0:
  version "1.0.1"
  resolved "https://registry.npmjs.org/package-json-from-dist/-/package-json-from-dist-1.0.1.tgz"
  integrity sha512-UEZIS3/by4OC8vL3P2dTXRETpebLI2NiI5vIrjaD/5UtrkFX/tNbwjTSRAGC/+7CAo2pIcBaRgWmcBBHcsaCIw==

path-key@^3.1.0:
  version "3.1.1"
  resolved "https://registry.npmjs.org/path-key/-/path-key-3.1.1.tgz"
  integrity sha512-ojmeN0qd+y0jszEtoY48r0Peq5dwMEkIlCOu6Q5f41lfkswXuKtYrhgoTpLnyIcHm24Uhqx+5Tqm2InSwLhE6Q==

path-scurry@^2.0.0:
  version "2.0.0"
  resolved "https://registry.npmjs.org/path-scurry/-/path-scurry-2.0.0.tgz"
  integrity sha512-ypGJsmGtdXUOeM5u93TyeIEfEhM6s+ljAhrk5vAvSx8uyY/02OvrZnA0YNGUrPXfpJMgI1ODd3nwz8Npx4O4cg==
  dependencies:
    lru-cache "^11.0.0"
    minipass "^7.1.2"

path@^0.12.7:
  version "0.12.7"
  resolved "https://registry.npmjs.org/path/-/path-0.12.7.tgz"
  integrity sha512-aXXC6s+1w7otVF9UletFkFcDsJeO7lSZBPUQhtb5O0xJe8LtYhj/GxldoL09bBj9+ZmE2hNoHqQSFMN5fikh4Q==
  dependencies:
    process "^0.11.1"
    util "^0.10.3"

picocolors@^1.0.0:
  version "1.1.1"
  resolved "https://registry.npmjs.org/picocolors/-/picocolors-1.1.1.tgz"
  integrity sha512-xceH2snhtb5M9liqDsmEw56le376mTZkEX/jEb/RxNFyegNul7eNslCXP9FDj/Lcu0X8KEyMceP2ntpaHrDEVA==

process@^0.11.1:
  version "0.11.10"
  resolved "https://registry.npmjs.org/process/-/process-0.11.10.tgz"
  integrity sha512-cdGef/drWFoydD1JsMzuFf8100nZl+GT+yacc2bEced5f9Rjk4z+WtFUTBu9PhOi9j/jfmBPu0mMEY4wIdAF8A==

recast@^0.23.11:
  version "0.23.11"
  resolved "https://registry.npmjs.org/recast/-/recast-0.23.11.tgz"
  integrity sha512-YTUo+Flmw4ZXiWfQKGcwwc11KnoRAYgzAE2E7mXKCjSviTKShtxBsN6YUUBB2gtaBzKzeKunxhUwNHQuRryhWA==
  dependencies:
    ast-types "^0.16.1"
    esprima "~4.0.0"
    source-map "~0.6.1"
    tiny-invariant "^1.3.3"
    tslib "^2.0.1"

shebang-command@^2.0.0:
  version "2.0.0"
  resolved "https://registry.npmjs.org/shebang-command/-/shebang-command-2.0.0.tgz"
  integrity sha512-kHxr2zZpYtdmrN1qDjrrX/Z1rR1kG8Dx+gkpK1G4eXmvXswmcE1hTWBWYUzlraYw1/yZp6YuDY77YtvbN0dmDA==
  dependencies:
    shebang-regex "^3.0.0"

shebang-regex@^3.0.0:
  version "3.0.0"
  resolved "https://registry.npmjs.org/shebang-regex/-/shebang-regex-3.0.0.tgz"
  integrity sha512-7++dFhtcx3353uBaq8DDR4NuxBetBzC7ZQOhmTQInHEd6bSrXdiEyzCvG07Z44UYdLShWUyXt5M/yhz8ekcb1A==

signal-exit@^4.0.1:
  version "4.1.0"
  resolved "https://registry.npmjs.org/signal-exit/-/signal-exit-4.1.0.tgz"
  integrity sha512-bzyZ1e88w9O1iNJbKnOlvYTrWPDl46O1bG0D3XInv+9tkPrxrN8jUUTiFlDkkmKWgn1M6CfIA13SuGqOa9Korw==

simple-git@^3.27.0:
  version "3.27.0"
  resolved "https://registry.npmjs.org/simple-git/-/simple-git-3.27.0.tgz"
  integrity sha512-ivHoFS9Yi9GY49ogc6/YAi3Fl9ROnF4VyubNylgCkA+RVqLaKWnDSzXOVzya8csELIaWaYNutsEuAhZrtOjozA==
  dependencies:
    "@kwsites/file-exists" "^1.1.1"
    "@kwsites/promise-deferred" "^1.1.1"
    debug "^4.3.5"

source-map@~0.6.1:
  version "0.6.1"
  resolved "https://registry.npmjs.org/source-map/-/source-map-0.6.1.tgz"
  integrity sha512-UjgapumWlbMhkBgzT7Ykc5YXUT46F0iKu8SGXq0bcwP5dz/h0Plj6enJqjz1Zbq2l5WaqYnrVbwWOWMyF3F47g==

"string-width-cjs@npm:string-width@^4.2.0":
  version "4.2.3"
  resolved "https://registry.npmjs.org/string-width/-/string-width-4.2.3.tgz"
  integrity sha512-wKyQRQpjJ0sIp62ErSZdGsjMJWsap5oRNihHhu6G7JVO/9jIB6UyevL+tXuOqrng8j/cxKTWyWUwvSTriiZz/g==
  dependencies:
    emoji-regex "^8.0.0"
    is-fullwidth-code-point "^3.0.0"
    strip-ansi "^6.0.1"

string-width@^4.1.0:
  version "4.2.3"
  resolved "https://registry.npmjs.org/string-width/-/string-width-4.2.3.tgz"
  integrity sha512-wKyQRQpjJ0sIp62ErSZdGsjMJWsap5oRNihHhu6G7JVO/9jIB6UyevL+tXuOqrng8j/cxKTWyWUwvSTriiZz/g==
  dependencies:
    emoji-regex "^8.0.0"
    is-fullwidth-code-point "^3.0.0"
    strip-ansi "^6.0.1"

string-width@^5.0.1, string-width@^5.1.2:
  version "5.1.2"
  resolved "https://registry.npmjs.org/string-width/-/string-width-5.1.2.tgz"
  integrity sha512-HnLOCR3vjcY8beoNLtcjZ5/nxn2afmME6lhrDrebokqMap+XbeW8n9TXpPDOqdGK5qcI3oT0GKTW6wC7EMiVqA==
  dependencies:
    eastasianwidth "^0.2.0"
    emoji-regex "^9.2.2"
    strip-ansi "^7.0.1"

"strip-ansi-cjs@npm:strip-ansi@^6.0.1":
  version "6.0.1"
  resolved "https://registry.npmjs.org/strip-ansi/-/strip-ansi-6.0.1.tgz"
  integrity sha512-Y38VPSHcqkFrCpFnQ9vuSXmquuv5oXOKpGeT6aGrr3o3Gc9AlVa6JBfUSOCnbxGGZF+/0ooI7KrPuUSztUdU5A==
  dependencies:
    ansi-regex "^5.0.1"

strip-ansi@^6.0.0, strip-ansi@^6.0.1:
  version "6.0.1"
  resolved "https://registry.npmjs.org/strip-ansi/-/strip-ansi-6.0.1.tgz"
  integrity sha512-Y38VPSHcqkFrCpFnQ9vuSXmquuv5oXOKpGeT6aGrr3o3Gc9AlVa6JBfUSOCnbxGGZF+/0ooI7KrPuUSztUdU5A==
  dependencies:
    ansi-regex "^5.0.1"

strip-ansi@^7.0.1:
  version "7.1.0"
  resolved "https://registry.npmjs.org/strip-ansi/-/strip-ansi-7.1.0.tgz"
  integrity sha512-iq6eVVI64nQQTRYq2KtEg2d2uU7LElhTJwsH4YzIHZshxlgZms/wIc4VoDQTlG/IvVIrBKG06CrZnp0qv7hkcQ==
  dependencies:
    ansi-regex "^6.0.1"

tiny-invariant@^1.3.3:
  version "1.3.3"
  resolved "https://registry.npmjs.org/tiny-invariant/-/tiny-invariant-1.3.3.tgz"
  integrity sha512-+FbBPE1o9QAYvviau/qC5SE3caw21q3xkvWKBtja5vgqOWIHHJ3ioaq1VPfn/Szqctz2bU/oYeKd9/z5BL+PVg==

tslib@^2.0.1:
  version "2.8.1"
  resolved "https://registry.npmjs.org/tslib/-/tslib-2.8.1.tgz"
  integrity sha512-oJFu94HQb+KVduSUQL7wnpmqnfmLsOA/nAh6b6EH0wCEoK0/mPeXU6c3wKDV83MkOuHPRHtSXKKU99IBazS/2w==

typescript@^5.7.2:
  version "5.7.2"
  resolved "https://registry.npmjs.org/typescript/-/typescript-5.7.2.tgz"
  integrity sha512-i5t66RHxDvVN40HfDd1PsEThGNnlMCMT3jMUuoh9/0TaqWevNontacunWyN02LA9/fIbEWlcHZcgTKb9QoaLfg==

undici-types@~6.20.0:
  version "6.20.0"
  resolved "https://registry.npmjs.org/undici-types/-/undici-types-6.20.0.tgz"
  integrity sha512-Ny6QZ2Nju20vw1SRHe3d9jVu6gJ+4e3+MMpqu7pqE5HT6WsTSlce++GQmK5UXS8mzV8DSYHrQH+Xrf2jVcuKNg==

universal-user-agent@^7.0.0, universal-user-agent@^7.0.2:
  version "7.0.2"
  resolved "https://registry.npmjs.org/universal-user-agent/-/universal-user-agent-7.0.2.tgz"
  integrity sha512-0JCqzSKnStlRRQfCdowvqy3cy0Dvtlb8xecj/H8JFZuCze4rwjPZQOgvFvn0Ws/usCHQFGpyr+pB9adaGwXn4Q==

util@^0.10.3:
  version "0.10.4"
  resolved "https://registry.npmjs.org/util/-/util-0.10.4.tgz"
  integrity sha512-0Pm9hTQ3se5ll1XihRic3FDIku70C+iHUdT/W926rSgHV5QgXsYbKZN8MSC3tJtSkhuROzvsQjAaFENRXr+19A==
  dependencies:
    inherits "2.0.3"

which@^2.0.1:
  version "2.0.2"
  resolved "https://registry.npmjs.org/which/-/which-2.0.2.tgz"
  integrity sha512-BLI3Tl1TW3Pvl70l3yq3Y64i+awpwXqsGBYWkkqMtnbXgrMD+yj7rhW0kuEDxzJaYXGjEW5ogapKNMEKNMjibA==
  dependencies:
    isexe "^2.0.0"

"wrap-ansi-cjs@npm:wrap-ansi@^7.0.0":
  version "7.0.0"
  resolved "https://registry.npmjs.org/wrap-ansi/-/wrap-ansi-7.0.0.tgz"
  integrity sha512-YVGIj2kamLSTxw6NsZjoBxfSwsn0ycdesmc4p+Q21c5zPuZ1pl+NfxVdxPtdHvmNVOQ6XSYG4AUtyt/Fi7D16Q==
  dependencies:
    ansi-styles "^4.0.0"
    string-width "^4.1.0"
    strip-ansi "^6.0.0"

wrap-ansi@^8.1.0:
  version "8.1.0"
  resolved "https://registry.npmjs.org/wrap-ansi/-/wrap-ansi-8.1.0.tgz"
  integrity sha512-si7QWI6zUMq56bESFvagtmzMdGOtoxfR+Sez11Mobfc7tm+VkUckk9bW2UeffTGVUbOksxmSw0AA2gs8g71NCQ==
  dependencies:
    ansi-styles "^6.1.0"
    string-width "^5.0.1"
    strip-ansi "^7.0.1"
